{
  "name": "geek-protocol-hq",
  "version": "0.1.0",
  "lockfileVersion": 3,
  "requires": true,
  "packages": {
    "": {
      "name": "geek-protocol-hq",
      "version": "0.1.0",
      "license": "MIT",
      "dependencies": {
        "@dfns/kaspa-wasm": "0.14.1"
      },
      "engines": {
        "node": ">=20"
      }
    },
    "node_modules/@dfns/kaspa-wasm": {
      "version": "0.14.1",
      "resolved": "https://registry.npmjs.org/@dfns/kaspa-wasm/-/kaspa-wasm-0.14.1.tgz",
      "integrity": "sha512-Lv/VkiPkxQgPTRmz2MG/PTNFzL0JuVLxhc9mKKgQbxbuT7XTOzra/AmCJgOBrn0O/A73/0QKAeiBg+1HrQ7ZnA==",
      "license": "ISC"
    }
  }
}
